
Microsoft Visual Studio Solution File, Format Version 12.00
# Visual Studio Version 17
VisualStudioVersion = 17.9.34728.123
MinimumVisualStudioVersion = 10.0.40219.1
Project("{9A19103F-16F7-4668-BE54-9A1E7A4F7556}") = "ESP32", "WebApplication1\ESP32.csproj", "{96A41B51-5C37-4DA0-B021-F3A8C235BB76}"
EndProject
Global
	GlobalSection(SolutionConfigurationPlatforms) = preSolution
		Debug|Any CPU = Debug|Any CPU
		Release|Any CPU = Release|Any CPU
	EndGlobalSection
	GlobalSection(ProjectConfigurationPlatforms) = postSolution
		{96A41B51-5C37-4DA0-B021-F3A8C235BB76}.Debug|Any CPU.ActiveCfg = Debug|Any CPU
		{96A41B51-5C37-4DA0-B021-F3A8C235BB76}.Debug|Any CPU.Build.0 = Debug|Any CPU
		{96A41B51-5C37-4DA0-B021-F3A8C235BB76}.Release|Any CPU.ActiveCfg = Release|Any CPU
		{96A41B51-5C37-4DA0-B021-F3A8C235BB76}.Release|Any CPU.Build.0 = Release|Any CPU
	EndGlobalSection
	GlobalSection(SolutionProperties) = preSolution
		HideSolutionNode = FALSE
	EndGlobalSection
	GlobalSection(ExtensibilityGlobals) = postSolution
		SolutionGuid = {A17A8411-E232-4F53-AB21-24425D928942}
	EndGlobalSection
EndGlobal
